// !$*UTF8*$!
{
	archiveVersion = 1;
	classes = {
	};
	objectVersion = 46;
	objects = {

/* Begin PBXBuildFile section */
		8E241C2F1E7B3F59005F6D23 /* AppDelegate.swift in Sources */ = {isa = PBXBuildFile; fileRef = 8E241C2E1E7B3F59005F6D23 /* AppDelegate.swift */; };
		8E241C311E7B3F59005F6D23 /* ViewController.swift in Sources */ = {isa = PBXBuildFile; fileRef = 8E241C301E7B3F59005F6D23 /* ViewController.swift */; };
		8E241C341E7B3F59005F6D23 /* Main.storyboard in Resources */ = {isa = PBXBuildFile; fileRef = 8E241C321E7B3F59005F6D23 /* Main.storyboard */; };
		8E241C361E7B3F59005F6D23 /* Assets.xcassets in Resources */ = {isa = PBXBuildFile; fileRef = 8E241C351E7B3F59005F6D23 /* Assets.xcassets */; };
		8E241C391E7B3F59005F6D23 /* LaunchScreen.storyboard in Resources */ = {isa = PBXBuildFile; fileRef = 8E241C371E7B3F59005F6D23 /* LaunchScreen.storyboard */; };
		8E7CB1081E7B51B3006BC04D /* GoogleService-Info.plist in Resources */ = {isa = PBXBuildFile; fileRef = 8E7CB1071E7B51B3006BC04D /* GoogleService-Info.plist */; };
		A652FE03EA6BA9A7D8C03088 /* Pods_PushNotifs.framework in Frameworks */ = {isa = PBXBuildFile; fileRef = BD60D86D8C2598B2846A23E0 /* Pods_PushNotifs.framework */; };
/* End PBXBuildFile section */

/* Begin PBXFileReference section */
		8E241C2B1E7B3F59005F6D23 /* PushNotifs.app */ = {isa = PBXFileReference; explicitFileType = wrapper.application; includeInIndex = 0; path = PushNotifs.app; sourceTree = BUILT_PRODUCTS_DIR; };
		8E241C2E1E7B3F59005F6D23 /* AppDelegate.swift */ = {isa = PBXFileReference; lastKnownFileType = sourcecode.swift; path = AppDelegate.swift; sourceTree = "<group>"; };
		8E241C301E7B3F59005F6D23 /* ViewController.swift */ = {isa = PBXFileReference; lastKnownFileType = sourcecode.swift; path = ViewController.swift; sourceTree = "<group>"; };
		8E241C331E7B3F59005F6D23 /* Base */ = {isa = PBXFileReference; lastKnownFileType = file.storyboard; name = Base; path = Base.lproj/Main.storyboard; sourceTree = "<group>"; };
		8E241C351E7B3F59005F6D23 /* Assets.xcassets */ = {isa = PBXFileReference; lastKnownFileType = folder.assetcatalog; path = Assets.xcassets; sourceTree = "<group>"; };
		8E241C381E7B3F59005F6D23 /* Base */ = {isa = PBXFileReference; lastKnownFileType = file.storyboard; name = Base; path = Base.lproj/LaunchScreen.storyboard; sourceTree = "<group>"; };
		8E241C3A1E7B3F59005F6D23 /* Info.plist */ = {isa = PBXFileReference; lastKnownFileType = text.plist.xml; path = Info.plist; sourceTree = "<group>"; };
		8E7CB1071E7B51B3006BC04D /* GoogleService-Info.plist */ = {isa = PBXFileReference; fileEncoding = 4; lastKnownFileType = text.plist.xml; path = "GoogleService-Info.plist"; sourceTree = "<group>"; };
		8E7CB1091E7B55EA006BC04D /* PushNotifs.entitlements */ = {isa = PBXFileReference; lastKnownFileType = text.plist.entitlements; path = PushNotifs.entitlements; sourceTree = "<group>"; };
		99E12DF43191DFDDE9288442 /* Pods-PushNotifs.debug.xcconfig */ = {isa = PBXFileReference; includeInIndex = 1; lastKnownFileType = text.xcconfig; name = "Pods-PushNotifs.debug.xcconfig"; path = "Pods/Target Support Files/Pods-PushNotifs/Pods-PushNotifs.debug.xcconfig"; sourceTree = "<group>"; };
		BD60D86D8C2598B2846A23E0 /* Pods_PushNotifs.framework */ = {isa = PBXFileReference; explicitFileType = wrapper.framework; includeInIndex = 0; path = Pods_PushNotifs.framework; sourceTree = BUILT_PRODUCTS_DIR; };
		CE9D181FA8615491D8730484 /* Pods-PushNotifs.release.xcconfig */ = {isa = PBXFileReference; includeInIndex = 1; lastKnownFileType = text.xcconfig; name = "Pods-PushNotifs.release.xcconfig"; path = "Pods/Target Support Files/Pods-PushNotifs/Pods-PushNotifs.release.xcconfig"; sourceTree = "<group>"; };
/* End PBXFileReference section */

/* Begin PBXFrameworksBuildPhase section */
		8E241C281E7B3F59005F6D23 /* Frameworks */ = {
			isa = PBXFrameworksBuildPhase;
			buildActionMask = 2147483647;
			files = (
				A652FE03EA6BA9A7D8C03088 /* Pods_PushNotifs.framework in Frameworks */,
			);
			runOnlyForDeploymentPostprocessing = 0;
		};
/* End PBXFrameworksBuildPhase section */

/* Begin PBXGroup section */
		1002F92AE2A15ECB010BADA7 /* Pods */ = {
			isa = PBXGroup;
			children = (
				99E12DF43191DFDDE9288442 /* Pods-PushNotifs.debug.xcconfig */,
				CE9D181FA8615491D8730484 /* Pods-PushNotifs.release.xcconfig */,
			);
			name = Pods;
			sourceTree = "<group>";
		};
		842CF7C044F7269DEE1D4483 /* Frameworks */ = {
			isa = PBXGroup;
			children = (
				BD60D86D8C2598B2846A23E0 /* Pods_PushNotifs.framework */,
			);
			name = Frameworks;
			sourceTree = "<group>";
		};
		8E241C221E7B3F59005F6D23 = {
			isa = PBXGroup;
			children = (
				8E241C2D1E7B3F59005F6D23 /* PushNotifs */,
				8E241C2C1E7B3F59005F6D23 /* Products */,
				1002F92AE2A15ECB010BADA7 /* Pods */,
				842CF7C044F7269DEE1D4483 /* Frameworks */,
			);
			sourceTree = "<group>";
		};
		8E241C2C1E7B3F59005F6D23 /* Products */ = {
			isa = PBXGroup;
			children = (
				8E241C2B1E7B3F59005F6D23 /* PushNotifs.app */,
			);
			name = Products;
			sourceTree = "<group>";
		};
		8E241C2D1E7B3F59005F6D23 /* PushNotifs */ = {
			isa = PBXGroup;
			children = (
				8E7CB1091E7B55EA006BC04D /* PushNotifs.entitlements */,
				8E241C2E1E7B3F59005F6D23 /* AppDelegate.swift */,
				8E241C301E7B3F59005F6D23 /* ViewController.swift */,
				8E241C321E7B3F59005F6D23 /* Main.storyboard */,
				8E241C351E7B3F59005F6D23 /* Assets.xcassets */,
				8E241C371E7B3F59005F6D23 /* LaunchScreen.storyboard */,
				8E241C3A1E7B3F59005F6D23 /* Info.plist */,
				8E7CB1071E7B51B3006BC04D /* GoogleService-Info.plist */,
			);
			path = PushNotifs;
			sourceTree = "<group>";
		};
/* End PBXGroup section */

/* Begin PBXNativeTarget section */
		8E241C2A1E7B3F59005F6D23 /* PushNotifs */ = {
			isa = PBXNativeTarget;
			buildConfigurationList = 8E241C3D1E7B3F59005F6D23 /* Build configuration list for PBXNativeTarget "PushNotifs" */;
			buildPhases = (
				5559693B1D487ABFA94AC6CA /* [CP] Check Pods Manifest.lock */,
				8E241C271E7B3F59005F6D23 /* Sources */,
				8E241C281E7B3F59005F6D23 /* Frameworks */,
				8E241C291E7B3F59005F6D23 /* Resources */,
				64B2240A7C16F6F37CE39D7A /* [CP] Embed Pods Frameworks */,
				E477151C29A30FE94B9B5511 /* [CP] Copy Pods Resources */,
			);
			buildRules = (
			);
			dependencies = (
			);
			name = PushNotifs;
			productName = PushNotifs;
			productReference = 8E241C2B1E7B3F59005F6D23 /* PushNotifs.app */;
			productType = "com.apple.product-type.application";
		};
/* End PBXNativeTarget section */

/* Begin PBXProject section */
		8E241C231E7B3F59005F6D23 /* Project object */ = {
			isa = PBXProject;
			attributes = {
				LastSwiftUpdateCheck = 0820;
				LastUpgradeCheck = 0820;
				ORGANIZATIONNAME = "Mike Barone";
				TargetAttributes = {
					8E241C2A1E7B3F59005F6D23 = {
						CreatedOnToolsVersion = 8.2.1;
						DevelopmentTeam = 2QBZLQ669A;
						ProvisioningStyle = Automatic;
						SystemCapabilities = {
							com.apple.Push = {
								enabled = 1;
							};
						};
					};
				};
			};
			buildConfigurationList = 8E241C261E7B3F59005F6D23 /* Build configuration list for PBXProject "PushNotifs" */;
			compatibilityVersion = "Xcode 3.2";
			developmentRegion = English;
			hasScannedForEncodings = 0;
			knownRegions = (
				en,
				Base,
			);
			mainGroup = 8E241C221E7B3F59005F6D23;
			productRefGroup = 8E241C2C1E7B3F59005F6D23 /* Products */;
			projectDirPath = "";
			projectRoot = "";
			targets = (
				8E241C2A1E7B3F59005F6D23 /* PushNotifs */,
			);
		};
/* End PBXProject section */

/* Begin PBXResourcesBuildPhase section */
		8E241C291E7B3F59005F6D23 /* Resources */ = {
			isa = PBXResourcesBuildPhase;
			buildActionMask = 2147483647;
			files = (
				8E241C391E7B3F59005F6D23 /* LaunchScreen.storyboard in Resources */,
				8E7CB1081E7B51B3006BC04D /* GoogleService-Info.plist in Resources */,
				8E241C361E7B3F59005F6D23 /* Assets.xcassets in Resources */,
				8E241C341E7B3F59005F6D23 /* Main.storyboard in Resources */,
			);
			runOnlyForDeploymentPostprocessing = 0;
		};
/* End PBXResourcesBuildPhase section */

/* Begin PBXShellScriptBuildPhase section */
		5559693B1D487ABFA94AC6CA /* [CP] Check Pods Manifest.lock */ = {
			isa = PBXShellScriptBuildPhase;
			buildActionMask = 2147483647;
			files = (
			);
			inputPaths = (
			);
			name = "[CP] Check Pods Manifest.lock";
			outputPaths = (
			);
			runOnlyForDeploymentPostprocessing = 0;
			shellPath = /bin/sh;
			shellScript = "diff \"${PODS_ROOT}/../Podfile.lock\" \"${PODS_ROOT}/Manifest.lock\" > /dev/null\nif [ $? != 0 ] ; then\n    # print error to STDERR\n    echo \"error: The sandbox is not in sync with the Podfile.lock. Run 'pod install' or update your CocoaPods installation.\" >&2\n    exit 1\nfi\n";
			showEnvVarsInLog = 0;
		};
		64B2240A7C16F6F37CE39D7A /* [CP] Embed Pods Frameworks */ = {
			isa = PBXShellScriptBuildPhase;
			buildActionMask = 2147483647;
			files = (
			);
			inputPaths = (
			);
			name = "[CP] Embed Pods Frameworks";
			outputPaths = (
			);
			runOnlyForDeploymentPostprocessing = 0;
			shellPath = /bin/sh;
			shellScript = "\"${SRCROOT}/Pods/Target Support Files/Pods-PushNotifs/Pods-PushNotifs-frameworks.sh\"\n";
			showEnvVarsInLog = 0;
		};
		E477151C29A30FE94B9B5511 /* [CP] Copy Pods Resources */ = {
			isa = PBXShellScriptBuildPhase;
			buildActionMask = 2147483647;
			files = (
			);
			inputPaths = (
			);
			name = "[CP] Copy Pods Resources";
			outputPaths = (
			);
			runOnlyForDeploymentPostprocessing = 0;
			shellPath = /bin/sh;
			shellScript = "\"${SRCROOT}/Pods/Target Support Files/Pods-PushNotifs/Pods-PushNotifs-resources.sh\"\n";
			showEnvVarsInLog = 0;
		};
/* End PBXShellScriptBuildPhase section */

/* Begin PBXSourcesBuildPhase section */
		8E241C271E7B3F59005F6D23 /* Sources */ = {
			isa = PBXSourcesBuildPhase;
			buildActionMask = 2147483647;
			files = (
				8E241C311E7B3F59005F6D23 /* ViewController.swift in Sources */,
				8E241C2F1E7B3F59005F6D23 /* AppDelegate.swift in Sources */,
			);
			runOnlyForDeploymentPostprocessing = 0;
		};
/* End PBXSourcesBuildPhase section */

/* Begin PBXVariantGroup section */
		8E241C321E7B3F59005F6D23 /* Main.storyboard */ = {
			isa = PBXVariantGroup;
			children = (
				8E241C331E7B3F59005F6D23 /* Base */,
			);
			name = Main.storyboard;
			sourceTree = "<group>";
		};
		8E241C371E7B3F59005F6D23 /* LaunchScreen.storyboard */ = {
			isa = PBXVariantGroup;
			children = (
				8E241C381E7B3F59005F6D23 /* Base */,
			);
			name = LaunchScreen.storyboard;
			sourceTree = "<group>";
		};
/* End PBXVariantGroup section */

/* Begin XCBuildConfiguration section */
		8E241C3B1E7B3F59005F6D23 /* Debug */ = {
			isa = XCBuildConfiguration;
			buildSettings = {
				ALWAYS_SEARCH_USER_PATHS = NO;
				CLANG_ANALYZER_NONNULL = YES;
				CLANG_CXX_LANGUAGE_STANDARD = "gnu++0x";
				CLANG_CXX_LIBRARY = "libc++";
				CLANG_ENABLE_MODULES = YES;
				CLANG_ENABLE_OBJC_ARC = YES;
				CLANG_WARN_BOOL_CONVERSION = YES;
				CLANG_WARN_CONSTANT_CONVERSION = YES;
				CLANG_WARN_DIRECT_OBJC_ISA_USAGE = YES_ERROR;
				CLANG_WARN_DOCUMENTATION_COMMENTS = YES;
				CLANG_WARN_EMPTY_BODY = YES;
				CLANG_WARN_ENUM_CONVERSION = YES;
				CLANG_WARN_INFINITE_RECURSION = YES;
				CLANG_WARN_INT_CONVERSION = YES;
				CLANG_WARN_OBJC_ROOT_CLASS = YES_ERROR;
				CLANG_WARN_SUSPICIOUS_MOVE = YES;
				CLANG_WARN_UNREACHABLE_CODE = YES;
				CLANG_WARN__DUPLICATE_METHOD_MATCH = YES;
				"CODE_SIGN_IDENTITY[sdk=iphoneos*]" = "iPhone Developer";
				COPY_PHASE_STRIP = NO;
				DEBUG_INFORMATION_FORMAT = dwarf;
				ENABLE_STRICT_OBJC_MSGSEND = YES;
				ENABLE_TESTABILITY = YES;
				GCC_C_LANGUAGE_STANDARD = gnu99;
				GCC_DYNAMIC_NO_PIC = NO;
				GCC_NO_COMMON_BLOCKS = YES;
				GCC_OPTIMIZATION_LEVEL = 0;
				GCC_PREPROCESSOR_DEFINITIONS = (
					"DEBUG=1",
					"$(inherited)",
				);
				GCC_WARN_64_TO_32_BIT_CONVERSION = YES;
				GCC_WARN_ABOUT_RETURN_TYPE = YES_ERROR;
				GCC_WARN_UNDECLARED_SELECTOR = YES;
				GCC_WARN_UNINITIALIZED_AUTOS = YES_AGGRESSIVE;
				GCC_WARN_UNUSED_FUNCTION = YES;
				GCC_WARN_UNUSED_VARIABLE = YES;
				IPHONEOS_DEPLOYMENT_TARGET = 10.2;
				MTL_ENABLE_DEBUG_INFO = YES;
				ONLY_ACTIVE_ARCH = YES;
				SDKROOT = iphoneos;
				SWIFT_ACTIVE_COMPILATION_CONDITIONS = DEBUG;
				SWIFT_OPTIMIZATION_LEVEL = "-Onone";
				TARGETED_DEVICE_FAMILY = "1,2";
			};
			name = Debug;
		};
		8E241C3C1E7B3F59005F6D23 /* Release */ = {
			isa = XCBuildConfiguration;
			buildSettings = {
				ALWAYS_SEARCH_USER_PATHS = NO;
				CLANG_ANALYZER_NONNULL = YES;
				CLANG_CXX_LANGUAGE_STANDARD = "gnu++0x";
				CLANG_CXX_LIBRARY = "libc++";
				CLANG_ENABLE_MODULES = YES;
				CLANG_ENABLE_OBJC_ARC = YES;
				CLANG_WARN_BOOL_CONVERSION = YES;
				CLANG_WARN_CONSTANT_CONVERSION = YES;
				CLANG_WARN_DIRECT_OBJC_ISA_USAGE = YES_ERROR;
				CLANG_WARN_DOCUMENTATION_COMMENTS = YES;
				CLANG_WARN_EMPTY_BODY = YES;
				CLANG_WARN_ENUM_CONVERSION = YES;
				CLANG_WARN_INFINITE_RECURSION = YES;
				CLANG_WARN_INT_CONVERSION = YES;
				CLANG_WARN_OBJC_ROOT_CLASS = YES_ERROR;
				CLANG_WARN_SUSPICIOUS_MOVE = YES;
				CLANG_WARN_UNREACHABLE_CODE = YES;
				CLANG_WARN__DUPLICATE_METHOD_MATCH = YES;
				"CODE_SIGN_IDENTITY[sdk=iphoneos*]" = "iPhone Developer";
				COPY_PHASE_STRIP = NO;
				DEBUG_INFORMATION_FORMAT = "dwarf-with-dsym";
				ENABLE_NS_ASSERTIONS = NO;
				ENABLE_STRICT_OBJC_MSGSEND = YES;
				GCC_C_LANGUAGE_STANDARD = gnu99;
				GCC_NO_COMMON_BLOCKS = YES;
				GCC_WARN_64_TO_32_BIT_CONVERSION = YES;
				GCC_WARN_ABOUT_RETURN_TYPE = YES_ERROR;
				GCC_WARN_UNDECLARED_SELECTOR = YES;
				GCC_WARN_UNINITIALIZED_AUTOS = YES_AGGRESSIVE;
				GCC_WARN_UNUSED_FUNCTION = YES;
				GCC_WARN_UNUSED_VARIABLE = YES;
				IPHONEOS_DEPLOYMENT_TARGET = 10.2;
				MTL_ENABLE_DEBUG_INFO = NO;
				SDKROOT = iphoneos;
				SWIFT_OPTIMIZATION_LEVEL = "-Owholemodule";
				TARGETED_DEVICE_FAMILY = "1,2";
				VALIDATE_PRODUCT = YES;
			};
			name = Release;
		};
		8E241C3E1E7B3F59005F6D23 /* Debug */ = {
			isa = XCBuildConfiguration;
			baseConfigurationReference = 99E12DF43191DFDDE9288442 /* Pods-PushNotifs.debug.xcconfig */;
			buildSettings = {
				ASSETCATALOG_COMPILER_APPICON_NAME = AppIcon;
				CODE_SIGN_ENTITLEMENTS = PushNotifs/PushNotifs.entitlements;
				DEVELOPMENT_TEAM = 2QBZLQ669A;
				INFOPLIST_FILE = PushNotifs/Info.plist;
				LD_RUNPATH_SEARCH_PATHS = "$(inherited) @executable_path/Frameworks";
				PRODUCT_BUNDLE_IDENTIFIER = com.mikebarone.PushNotifs;
				PRODUCT_NAME = "$(TARGET_NAME)";
				SWIFT_VERSION = 3.0;
			};
			name = Debug;
		};
		8E241C3F1E7B3F59005F6D23 /* Release */ = {
			isa = XCBuildConfiguration;
			baseConfigurationReference = CE9D181FA8615491D8730484 /* Pods-PushNotifs.release.xcconfig */;
			buildSettings = {
				ASSETCATALOG_COMPILER_APPICON_NAME = AppIcon;
				CODE_SIGN_ENTITLEMENTS = PushNotifs/PushNotifs.entitlements;
				DEVELOPMENT_TEAM = 2QBZLQ669A;
				INFOPLIST_FILE = PushNotifs/Info.plist;
				LD_RUNPATH_SEARCH_PATHS = "$(inherited) @executable_path/Frameworks";
				PRODUCT_BUNDLE_IDENTIFIER = com.mikebarone.PushNotifs;
				PRODUCT_NAME = "$(TARGET_NAME)";
				SWIFT_VERSION = 3.0;
			};
			name = Release;
		};
/* End XCBuildConfiguration section */

/* Begin XCConfigurationList section */
		8E241C261E7B3F59005F6D23 /* Build configuration list for PBXProject "PushNotifs" */ = {
			isa = XCConfigurationList;
			buildConfigurations = (
				8E241C3B1E7B3F59005F6D23 /* Debug */,
				8E241C3C1E7B3F59005F6D23 /* Release */,
			);
			defaultConfigurationIsVisible = 0;
			defaultConfigurationName = Release;
		};
		8E241C3D1E7B3F59005F6D23 /* Build configuration list for PBXNativeTarget "PushNotifs" */ = {
			isa = XCConfigurationList;
			buildConfigurations = (
				8E241C3E1E7B3F59005F6D23 /* Debug */,
				8E241C3F1E7B3F59005F6D23 /* Release */,
			);
			defaultConfigurationIsVisible = 0;
			defaultConfigurationName = Release;
		};
/* End XCConfigurationList section */
	};
	rootObject = 8E241C231E7B3F59005F6D23 /* Project object */;
}
